
Microsoft Visual Studio Solution File, Format Version 12.00
# Visual Studio Version 17
VisualStudioVersion = 17.3.32922.545
MinimumVisualStudioVersion = 10.0.40219.1
Project("{9A19103F-16F7-4668-BE54-9A1E7A4F7556}") = "VY.Hackathon.TeamOne.WebApi", "VY.Hackathon.TeamOne\VY.Hackathon.TeamOne.WebApi.csproj", "{C79CFF0A-F9E5-4270-A974-699BBD6BEBD1}"
EndProject
Project("{2150E333-8FDC-42A3-9474-1A3956D46DE8}") = "Infrastructure", "Infrastructure", "{AA680468-BEAA-4A05-A048-A51CA91C1F3C}"
EndProject
Project("{9A19103F-16F7-4668-BE54-9A1E7A4F7556}") = "VY.Hackaton.TeamOne.ProviderData.Infrastructure", "VY.Hackaton.TeamOne.ProviderData.Infrastructure\VY.Hackaton.TeamOne.ProviderData.Infrastructure.csproj", "{DF0ABC96-CB63-4D5A-96D0-DDE76EDF8C8A}"
EndProject
Project("{2150E333-8FDC-42A3-9474-1A3956D46DE8}") = "Common", "Common", "{E774078E-0EC7-4792-97FA-D64143D33060}"
EndProject
Project("{9A19103F-16F7-4668-BE54-9A1E7A4F7556}") = "VY.Hackaton.Entities", "VY.Hackaton.Entities\VY.Hackaton.Entities.csproj", "{A8606D92-8A88-49CE-A2E3-A68E97021131}"
EndProject
Project("{2150E333-8FDC-42A3-9474-1A3956D46DE8}") = "Application", "Application", "{533A8929-3A43-4969-9E92-568F04F4B513}"
EndProject
Global
	GlobalSection(SolutionConfigurationPlatforms) = preSolution
		Debug|Any CPU = Debug|Any CPU
		Release|Any CPU = Release|Any CPU
	EndGlobalSection
	GlobalSection(ProjectConfigurationPlatforms) = postSolution
		{C79CFF0A-F9E5-4270-A974-699BBD6BEBD1}.Debug|Any CPU.ActiveCfg = Debug|Any CPU
		{C79CFF0A-F9E5-4270-A974-699BBD6BEBD1}.Debug|Any CPU.Build.0 = Debug|Any CPU
		{C79CFF0A-F9E5-4270-A974-699BBD6BEBD1}.Release|Any CPU.ActiveCfg = Release|Any CPU
		{C79CFF0A-F9E5-4270-A974-699BBD6BEBD1}.Release|Any CPU.Build.0 = Release|Any CPU
		{DF0ABC96-CB63-4D5A-96D0-DDE76EDF8C8A}.Debug|Any CPU.ActiveCfg = Debug|Any CPU
		{DF0ABC96-CB63-4D5A-96D0-DDE76EDF8C8A}.Debug|Any CPU.Build.0 = Debug|Any CPU
		{DF0ABC96-CB63-4D5A-96D0-DDE76EDF8C8A}.Release|Any CPU.ActiveCfg = Release|Any CPU
		{DF0ABC96-CB63-4D5A-96D0-DDE76EDF8C8A}.Release|Any CPU.Build.0 = Release|Any CPU
		{A8606D92-8A88-49CE-A2E3-A68E97021131}.Debug|Any CPU.ActiveCfg = Debug|Any CPU
		{A8606D92-8A88-49CE-A2E3-A68E97021131}.Debug|Any CPU.Build.0 = Debug|Any CPU
		{A8606D92-8A88-49CE-A2E3-A68E97021131}.Release|Any CPU.ActiveCfg = Release|Any CPU
		{A8606D92-8A88-49CE-A2E3-A68E97021131}.Release|Any CPU.Build.0 = Release|Any CPU
	EndGlobalSection
	GlobalSection(SolutionProperties) = preSolution
		HideSolutionNode = FALSE
	EndGlobalSection
	GlobalSection(NestedProjects) = preSolution
		{C79CFF0A-F9E5-4270-A974-699BBD6BEBD1} = {533A8929-3A43-4969-9E92-568F04F4B513}
		{DF0ABC96-CB63-4D5A-96D0-DDE76EDF8C8A} = {AA680468-BEAA-4A05-A048-A51CA91C1F3C}
		{A8606D92-8A88-49CE-A2E3-A68E97021131} = {E774078E-0EC7-4792-97FA-D64143D33060}
	EndGlobalSection
	GlobalSection(ExtensibilityGlobals) = postSolution
		SolutionGuid = {72CEB22C-8DBB-42A5-93D2-D90ABFBBA416}
	EndGlobalSection
EndGlobal
